
Microsoft Visual Studio Solution File, Format Version 12.00
# Visual Studio Version 17
VisualStudioVersion = 17.0.32014.148
MinimumVisualStudioVersion = 10.0.40219.1
Project("{FAE04EC0-301F-11D3-BF4B-00C04F79EFBC}") = "EnrollmentService", "EnrollmentService\EnrollmentService.csproj", "{484E5324-2495-4007-9766-3A4D9FA89546}"
EndProject
Global
	GlobalSection(SolutionConfigurationPlatforms) = preSolution
		Debug|Any CPU = Debug|Any CPU
		Release|Any CPU = Release|Any CPU
	EndGlobalSection
	GlobalSection(ProjectConfigurationPlatforms) = postSolution
		{484E5324-2495-4007-9766-3A4D9FA89546}.Debug|Any CPU.ActiveCfg = Debug|Any CPU
		{484E5324-2495-4007-9766-3A4D9FA89546}.Debug|Any CPU.Build.0 = Debug|Any CPU
		{484E5324-2495-4007-9766-3A4D9FA89546}.Release|Any CPU.ActiveCfg = Release|Any CPU
		{484E5324-2495-4007-9766-3A4D9FA89546}.Release|Any CPU.Build.0 = Release|Any CPU
	EndGlobalSection
	GlobalSection(SolutionProperties) = preSolution
		HideSolutionNode = FALSE
	EndGlobalSection
	GlobalSection(ExtensibilityGlobals) = postSolution
		SolutionGuid = {3AF759E7-132E-46C7-8595-A8379AC71804}
	EndGlobalSection
EndGlobal
